
Microsoft Visual Studio Solution File, Format Version 11.00
# Visual Studio 2010
Project("{8BC9CEB8-8B4A-11D0-8D11-00A0C91BC942}") = "MacMatcher", "MacMatcher\MacMatcher.vcxproj", "{284A6AA5-9004-4755-B18C-BEBD41F02F05}"
EndProject
Project("{8BC9CEB8-8B4A-11D0-8D11-00A0C91BC942}") = "MacToMD5", "MacToMD5\MacToMD5.vcxproj", "{DD16F9C3-8E32-4396-AE43-227515F2AB3D}"
EndProject
Project("{8BC9CEB8-8B4A-11D0-8D11-00A0C91BC942}") = "boostLogBackup", "boostLogBackup\boostLogBackup.vcxproj", "{8BC1A165-D419-40A9-8E6D-E8D662B0606A}"
EndProject
Global
	GlobalSection(SolutionConfigurationPlatforms) = preSolution
		Debug|Win32 = Debug|Win32
		Release|Win32 = Release|Win32
	EndGlobalSection
	GlobalSection(ProjectConfigurationPlatforms) = postSolution
		{284A6AA5-9004-4755-B18C-BEBD41F02F05}.Debug|Win32.ActiveCfg = Debug|Win32
		{284A6AA5-9004-4755-B18C-BEBD41F02F05}.Debug|Win32.Build.0 = Debug|Win32
		{284A6AA5-9004-4755-B18C-BEBD41F02F05}.Release|Win32.ActiveCfg = Release|Win32
		{284A6AA5-9004-4755-B18C-BEBD41F02F05}.Release|Win32.Build.0 = Release|Win32
		{DD16F9C3-8E32-4396-AE43-227515F2AB3D}.Debug|Win32.ActiveCfg = Debug|Win32
		{DD16F9C3-8E32-4396-AE43-227515F2AB3D}.Debug|Win32.Build.0 = Debug|Win32
		{DD16F9C3-8E32-4396-AE43-227515F2AB3D}.Release|Win32.ActiveCfg = Release|Win32
		{DD16F9C3-8E32-4396-AE43-227515F2AB3D}.Release|Win32.Build.0 = Release|Win32
		{8BC1A165-D419-40A9-8E6D-E8D662B0606A}.Debug|Win32.ActiveCfg = Debug|Win32
		{8BC1A165-D419-40A9-8E6D-E8D662B0606A}.Debug|Win32.Build.0 = Debug|Win32
		{8BC1A165-D419-40A9-8E6D-E8D662B0606A}.Release|Win32.ActiveCfg = Release|Win32
		{8BC1A165-D419-40A9-8E6D-E8D662B0606A}.Release|Win32.Build.0 = Release|Win32
	EndGlobalSection
	GlobalSection(SolutionProperties) = preSolution
		HideSolutionNode = FALSE
	EndGlobalSection
EndGlobal
